
Microsoft Visual Studio Solution File, Format Version 12.00
# Visual Studio Version 17
VisualStudioVersion = 17.11.35327.3
MinimumVisualStudioVersion = 10.0.40219.1
Project("{FAE04EC0-301F-11D3-BF4B-00C04F79EFBC}") = "Srp", "SRP\Srp.csproj", "{DFF5EA5F-2246-48C1-BA66-2642C8074C0E}"
EndProject
Project("{FAE04EC0-301F-11D3-BF4B-00C04F79EFBC}") = "Ocp", "Ocp\Ocp.csproj", "{E4E4D3B6-3A78-4FF2-8CE8-862AB5E4E72C}"
EndProject
Project("{FAE04EC0-301F-11D3-BF4B-00C04F79EFBC}") = "Lsp", "Lsp\Lsp.csproj", "{F2C4EFBF-F6B9-4D0C-AB47-DE6C251BBD24}"
EndProject
Project("{FAE04EC0-301F-11D3-BF4B-00C04F79EFBC}") = "Isp", "Isp\Isp.csproj", "{58A9D1DE-BE38-4AFF-9AB3-58CE6B70626D}"
EndProject
Project("{FAE04EC0-301F-11D3-BF4B-00C04F79EFBC}") = "Dip", "Dip\Dip.csproj", "{534C0B6C-6BC4-420F-8DF1-1D32E4E7B197}"
EndProject
Global
	GlobalSection(SolutionConfigurationPlatforms) = preSolution
		Debug|Any CPU = Debug|Any CPU
		Release|Any CPU = Release|Any CPU
	EndGlobalSection
	GlobalSection(ProjectConfigurationPlatforms) = postSolution
		{DFF5EA5F-2246-48C1-BA66-2642C8074C0E}.Debug|Any CPU.ActiveCfg = Debug|Any CPU
		{DFF5EA5F-2246-48C1-BA66-2642C8074C0E}.Debug|Any CPU.Build.0 = Debug|Any CPU
		{DFF5EA5F-2246-48C1-BA66-2642C8074C0E}.Release|Any CPU.ActiveCfg = Release|Any CPU
		{DFF5EA5F-2246-48C1-BA66-2642C8074C0E}.Release|Any CPU.Build.0 = Release|Any CPU
		{E4E4D3B6-3A78-4FF2-8CE8-862AB5E4E72C}.Debug|Any CPU.ActiveCfg = Debug|Any CPU
		{E4E4D3B6-3A78-4FF2-8CE8-862AB5E4E72C}.Debug|Any CPU.Build.0 = Debug|Any CPU
		{E4E4D3B6-3A78-4FF2-8CE8-862AB5E4E72C}.Release|Any CPU.ActiveCfg = Release|Any CPU
		{E4E4D3B6-3A78-4FF2-8CE8-862AB5E4E72C}.Release|Any CPU.Build.0 = Release|Any CPU
		{F2C4EFBF-F6B9-4D0C-AB47-DE6C251BBD24}.Debug|Any CPU.ActiveCfg = Debug|Any CPU
		{F2C4EFBF-F6B9-4D0C-AB47-DE6C251BBD24}.Debug|Any CPU.Build.0 = Debug|Any CPU
		{F2C4EFBF-F6B9-4D0C-AB47-DE6C251BBD24}.Release|Any CPU.ActiveCfg = Release|Any CPU
		{F2C4EFBF-F6B9-4D0C-AB47-DE6C251BBD24}.Release|Any CPU.Build.0 = Release|Any CPU
		{58A9D1DE-BE38-4AFF-9AB3-58CE6B70626D}.Debug|Any CPU.ActiveCfg = Debug|Any CPU
		{58A9D1DE-BE38-4AFF-9AB3-58CE6B70626D}.Debug|Any CPU.Build.0 = Debug|Any CPU
		{58A9D1DE-BE38-4AFF-9AB3-58CE6B70626D}.Release|Any CPU.ActiveCfg = Release|Any CPU
		{58A9D1DE-BE38-4AFF-9AB3-58CE6B70626D}.Release|Any CPU.Build.0 = Release|Any CPU
		{534C0B6C-6BC4-420F-8DF1-1D32E4E7B197}.Debug|Any CPU.ActiveCfg = Debug|Any CPU
		{534C0B6C-6BC4-420F-8DF1-1D32E4E7B197}.Debug|Any CPU.Build.0 = Debug|Any CPU
		{534C0B6C-6BC4-420F-8DF1-1D32E4E7B197}.Release|Any CPU.ActiveCfg = Release|Any CPU
		{534C0B6C-6BC4-420F-8DF1-1D32E4E7B197}.Release|Any CPU.Build.0 = Release|Any CPU
	EndGlobalSection
	GlobalSection(SolutionProperties) = preSolution
		HideSolutionNode = FALSE
	EndGlobalSection
	GlobalSection(ExtensibilityGlobals) = postSolution
		SolutionGuid = {631AEE47-20C5-4F5A-939B-96C48480B0F7}
	EndGlobalSection
EndGlobal
